{
  "name": "m8-lib",
  "lockfileVersion": 3,
  "requires": true,
  "packages": {
    "": {
      "name": "m8-lib",
      "devDependencies": {
        "kaitai-struct": "^0.11.0"
      }
    },
    "node_modules/kaitai-struct": {
      "version": "0.11.0",
      "resolved": "https://registry.npmjs.org/kaitai-struct/-/kaitai-struct-0.11.0.tgz",
      "integrity": "sha512-fcBvQONhZlM/dhrafsLAR9eboaQxYUJ8lEsl8EnWjqY0bs9GkIFNMUcMjKAk4oVz/Ik/OzhqIKjpQkawa28RIw==",
      "dev": true,
      "license": "Apache-2.0"
    }
  }
}
